
Microsoft Visual Studio Solution File, Format Version 12.00
# Visual Studio Version 17
VisualStudioVersion = 17.8.34330.188
MinimumVisualStudioVersion = 10.0.40219.1
Project("{FAE04EC0-301F-11D3-BF4B-00C04F79EFBC}") = "HR-ADO-SQLServer", "HR-ADO-SQLServer.csproj", "{8D1845E3-D907-4795-B14E-F780D69F5720}"
EndProject
Global
	GlobalSection(SolutionConfigurationPlatforms) = preSolution
		Debug|Any CPU = Debug|Any CPU
		Release|Any CPU = Release|Any CPU
	EndGlobalSection
	GlobalSection(ProjectConfigurationPlatforms) = postSolution
		{8D1845E3-D907-4795-B14E-F780D69F5720}.Debug|Any CPU.ActiveCfg = Debug|Any CPU
		{8D1845E3-D907-4795-B14E-F780D69F5720}.Debug|Any CPU.Build.0 = Debug|Any CPU
		{8D1845E3-D907-4795-B14E-F780D69F5720}.Release|Any CPU.ActiveCfg = Release|Any CPU
		{8D1845E3-D907-4795-B14E-F780D69F5720}.Release|Any CPU.Build.0 = Release|Any CPU
	EndGlobalSection
	GlobalSection(SolutionProperties) = preSolution
		HideSolutionNode = FALSE
	EndGlobalSection
	GlobalSection(ExtensibilityGlobals) = postSolution
		SolutionGuid = {AD5C1988-714A-4F55-9F13-52DCA8E353C2}
	EndGlobalSection
EndGlobal
